
Microsoft Visual Studio Solution File, Format Version 12.00
# Visual Studio Version 17
VisualStudioVersion = 17.4.33213.308
MinimumVisualStudioVersion = 10.0.40219.1
Project("{FAE04EC0-301F-11D3-BF4B-00C04F79EFBC}") = "CordsTry", "CordsTry\CordsTry.csproj", "{F3E84187-2E62-446A-8F41-3FA0B193A803}"
EndProject
Global
	GlobalSection(SolutionConfigurationPlatforms) = preSolution
		Debug|Any CPU = Debug|Any CPU
		Release|Any CPU = Release|Any CPU
	EndGlobalSection
	GlobalSection(ProjectConfigurationPlatforms) = postSolution
		{F3E84187-2E62-446A-8F41-3FA0B193A803}.Debug|Any CPU.ActiveCfg = Debug|Any CPU
		{F3E84187-2E62-446A-8F41-3FA0B193A803}.Debug|Any CPU.Build.0 = Debug|Any CPU
		{F3E84187-2E62-446A-8F41-3FA0B193A803}.Release|Any CPU.ActiveCfg = Release|Any CPU
		{F3E84187-2E62-446A-8F41-3FA0B193A803}.Release|Any CPU.Build.0 = Release|Any CPU
	EndGlobalSection
	GlobalSection(SolutionProperties) = preSolution
		HideSolutionNode = FALSE
	EndGlobalSection
	GlobalSection(ExtensibilityGlobals) = postSolution
		SolutionGuid = {8AD2A517-4ABA-4441-BB26-5F702CCC3CA0}
	EndGlobalSection
EndGlobal
